
Microsoft Visual Studio Solution File, Format Version 12.00
# Visual Studio Version 17
VisualStudioVersion = 17.0.32112.339
MinimumVisualStudioVersion = 10.0.40219.1
Project("{FAE04EC0-301F-11D3-BF4B-00C04F79EFBC}") = "TraLoginApi", "TraLoginApi\TraLoginApi.csproj", "{E428806E-4F4E-415F-B66C-22F872FCB002}"
EndProject
Global
	GlobalSection(SolutionConfigurationPlatforms) = preSolution
		Debug|Any CPU = Debug|Any CPU
		Release|Any CPU = Release|Any CPU
	EndGlobalSection
	GlobalSection(ProjectConfigurationPlatforms) = postSolution
		{E428806E-4F4E-415F-B66C-22F872FCB002}.Debug|Any CPU.ActiveCfg = Debug|Any CPU
		{E428806E-4F4E-415F-B66C-22F872FCB002}.Debug|Any CPU.Build.0 = Debug|Any CPU
		{E428806E-4F4E-415F-B66C-22F872FCB002}.Release|Any CPU.ActiveCfg = Release|Any CPU
		{E428806E-4F4E-415F-B66C-22F872FCB002}.Release|Any CPU.Build.0 = Release|Any CPU
	EndGlobalSection
	GlobalSection(SolutionProperties) = preSolution
		HideSolutionNode = FALSE
	EndGlobalSection
	GlobalSection(ExtensibilityGlobals) = postSolution
		SolutionGuid = {A55456F0-D57A-4E5E-9D2F-52030ADCCA62}
	EndGlobalSection
EndGlobal
